
Microsoft Visual Studio Solution File, Format Version 12.00
# Visual Studio Version 16
VisualStudioVersion = 16.0.30225.117
MinimumVisualStudioVersion = 10.0.40219.1
Project("{FAE04EC0-301F-11D3-BF4B-00C04F79EFBC}") = "CarSale", "CarSale.csproj", "{3D900E48-4CAA-4559-9F45-6D8F3CE13D09}"
EndProject
Global
	GlobalSection(SolutionConfigurationPlatforms) = preSolution
		Debug|Any CPU = Debug|Any CPU
		Release|Any CPU = Release|Any CPU
	EndGlobalSection
	GlobalSection(ProjectConfigurationPlatforms) = postSolution
		{3D900E48-4CAA-4559-9F45-6D8F3CE13D09}.Debug|Any CPU.ActiveCfg = Debug|Any CPU
		{3D900E48-4CAA-4559-9F45-6D8F3CE13D09}.Debug|Any CPU.Build.0 = Debug|Any CPU
		{3D900E48-4CAA-4559-9F45-6D8F3CE13D09}.Release|Any CPU.ActiveCfg = Release|Any CPU
		{3D900E48-4CAA-4559-9F45-6D8F3CE13D09}.Release|Any CPU.Build.0 = Release|Any CPU
	EndGlobalSection
	GlobalSection(SolutionProperties) = preSolution
		HideSolutionNode = FALSE
	EndGlobalSection
	GlobalSection(ExtensibilityGlobals) = postSolution
		SolutionGuid = {A660B4E6-E7CF-46AD-B73F-07BBF9117F15}
	EndGlobalSection
EndGlobal
